
Microsoft Visual Studio Solution File, Format Version 12.00
# Visual Studio Version 16
VisualStudioVersion = 16.0.31205.134
MinimumVisualStudioVersion = 10.0.40219.1
Project("{9A19103F-16F7-4668-BE54-9A1E7A4F7556}") = "IBA.Task3", "src\IBA.Task3\IBA.Task3.csproj", "{C1A1BFC3-49A0-49B0-8304-15A7BCA2AB30}"
EndProject
Project("{9A19103F-16F7-4668-BE54-9A1E7A4F7556}") = "IBA.Task3.DAL", "src\IBA.Task3.DAL\IBA.Task3.DAL.csproj", "{2EA6544E-716C-49C8-A336-5EB15B72602A}"
EndProject
Project("{2150E333-8FDC-42A3-9474-1A3956D46DE8}") = "src", "src", "{C5522E57-CD96-44FA-AAA7-82B72F143967}"
EndProject
Global
	GlobalSection(SolutionConfigurationPlatforms) = preSolution
		Debug|Any CPU = Debug|Any CPU
		Release|Any CPU = Release|Any CPU
	EndGlobalSection
	GlobalSection(ProjectConfigurationPlatforms) = postSolution
		{C1A1BFC3-49A0-49B0-8304-15A7BCA2AB30}.Debug|Any CPU.ActiveCfg = Debug|Any CPU
		{C1A1BFC3-49A0-49B0-8304-15A7BCA2AB30}.Debug|Any CPU.Build.0 = Debug|Any CPU
		{C1A1BFC3-49A0-49B0-8304-15A7BCA2AB30}.Release|Any CPU.ActiveCfg = Release|Any CPU
		{C1A1BFC3-49A0-49B0-8304-15A7BCA2AB30}.Release|Any CPU.Build.0 = Release|Any CPU
		{2EA6544E-716C-49C8-A336-5EB15B72602A}.Debug|Any CPU.ActiveCfg = Debug|Any CPU
		{2EA6544E-716C-49C8-A336-5EB15B72602A}.Debug|Any CPU.Build.0 = Debug|Any CPU
		{2EA6544E-716C-49C8-A336-5EB15B72602A}.Release|Any CPU.ActiveCfg = Release|Any CPU
		{2EA6544E-716C-49C8-A336-5EB15B72602A}.Release|Any CPU.Build.0 = Release|Any CPU
	EndGlobalSection
	GlobalSection(SolutionProperties) = preSolution
		HideSolutionNode = FALSE
	EndGlobalSection
	GlobalSection(NestedProjects) = preSolution
		{C1A1BFC3-49A0-49B0-8304-15A7BCA2AB30} = {C5522E57-CD96-44FA-AAA7-82B72F143967}
		{2EA6544E-716C-49C8-A336-5EB15B72602A} = {C5522E57-CD96-44FA-AAA7-82B72F143967}
	EndGlobalSection
	GlobalSection(ExtensibilityGlobals) = postSolution
		SolutionGuid = {A49D267B-5A61-4245-867C-48D3032064D6}
	EndGlobalSection
EndGlobal
